
Microsoft Visual Studio Solution File, Format Version 12.00
# Visual Studio Version 17
VisualStudioVersion = 17.9.34728.123
MinimumVisualStudioVersion = 10.0.40219.1
Project("{9A19103F-16F7-4668-BE54-9A1E7A4F7556}") = "HelloWorld", "HelloWorld\HelloWorld.csproj", "{0A7492D4-8794-467B-B83E-D39D25865108}"
EndProject
Project("{FAE04EC0-301F-11D3-BF4B-00C04F79EFBC}") = "HelloNameOld", "HelloName\HelloNameOld.csproj", "{40005270-20E9-4F20-8480-1810CDB33CE6}"
EndProject
Project("{9A19103F-16F7-4668-BE54-9A1E7A4F7556}") = "HelloName", "HelloName\HelloName.csproj", "{898DB0CD-647C-4615-8014-4D2CD42501E7}"
EndProject
Project("{FAE04EC0-301F-11D3-BF4B-00C04F79EFBC}") = "Prog52a", "Prog52a\Prog52a.csproj", "{458B20C1-C289-40BF-A7BC-A704CAF3C24D}"
EndProject
Project("{FAE04EC0-301F-11D3-BF4B-00C04F79EFBC}") = "Prog54b", "Prog54b\Prog54b.csproj", "{01B35E50-DEAD-443C-9A7D-FEA211DCDD4D}"
EndProject
Global
	GlobalSection(SolutionConfigurationPlatforms) = preSolution
		Debug|Any CPU = Debug|Any CPU
		Release|Any CPU = Release|Any CPU
	EndGlobalSection
	GlobalSection(ProjectConfigurationPlatforms) = postSolution
		{0A7492D4-8794-467B-B83E-D39D25865108}.Debug|Any CPU.ActiveCfg = Debug|Any CPU
		{0A7492D4-8794-467B-B83E-D39D25865108}.Debug|Any CPU.Build.0 = Debug|Any CPU
		{0A7492D4-8794-467B-B83E-D39D25865108}.Release|Any CPU.ActiveCfg = Release|Any CPU
		{0A7492D4-8794-467B-B83E-D39D25865108}.Release|Any CPU.Build.0 = Release|Any CPU
		{40005270-20E9-4F20-8480-1810CDB33CE6}.Debug|Any CPU.ActiveCfg = Debug|Any CPU
		{40005270-20E9-4F20-8480-1810CDB33CE6}.Debug|Any CPU.Build.0 = Debug|Any CPU
		{40005270-20E9-4F20-8480-1810CDB33CE6}.Release|Any CPU.ActiveCfg = Release|Any CPU
		{40005270-20E9-4F20-8480-1810CDB33CE6}.Release|Any CPU.Build.0 = Release|Any CPU
		{898DB0CD-647C-4615-8014-4D2CD42501E7}.Debug|Any CPU.ActiveCfg = Debug|Any CPU
		{898DB0CD-647C-4615-8014-4D2CD42501E7}.Debug|Any CPU.Build.0 = Debug|Any CPU
		{898DB0CD-647C-4615-8014-4D2CD42501E7}.Release|Any CPU.ActiveCfg = Release|Any CPU
		{898DB0CD-647C-4615-8014-4D2CD42501E7}.Release|Any CPU.Build.0 = Release|Any CPU
		{458B20C1-C289-40BF-A7BC-A704CAF3C24D}.Debug|Any CPU.ActiveCfg = Debug|Any CPU
		{458B20C1-C289-40BF-A7BC-A704CAF3C24D}.Debug|Any CPU.Build.0 = Debug|Any CPU
		{458B20C1-C289-40BF-A7BC-A704CAF3C24D}.Release|Any CPU.ActiveCfg = Release|Any CPU
		{458B20C1-C289-40BF-A7BC-A704CAF3C24D}.Release|Any CPU.Build.0 = Release|Any CPU
		{01B35E50-DEAD-443C-9A7D-FEA211DCDD4D}.Debug|Any CPU.ActiveCfg = Debug|Any CPU
		{01B35E50-DEAD-443C-9A7D-FEA211DCDD4D}.Debug|Any CPU.Build.0 = Debug|Any CPU
		{01B35E50-DEAD-443C-9A7D-FEA211DCDD4D}.Release|Any CPU.ActiveCfg = Release|Any CPU
		{01B35E50-DEAD-443C-9A7D-FEA211DCDD4D}.Release|Any CPU.Build.0 = Release|Any CPU
	EndGlobalSection
	GlobalSection(SolutionProperties) = preSolution
		HideSolutionNode = FALSE
	EndGlobalSection
	GlobalSection(ExtensibilityGlobals) = postSolution
		SolutionGuid = {2F1C1838-2198-4276-80A2-7661906C7D26}
	EndGlobalSection
EndGlobal
