
Microsoft Visual Studio Solution File, Format Version 12.00
# Visual Studio 2013
VisualStudioVersion = 12.0.40629.0
MinimumVisualStudioVersion = 10.0.40219.1
Project("{FAE04EC0-301F-11D3-BF4B-00C04F79EFBC}") = "HelloWorld", "HelloWorld\HelloWorld.csproj", "{68CFDFED-B473-46D7-91FC-94AE857B9D9D}"
EndProject
Project("{FAE04EC0-301F-11D3-BF4B-00C04F79EFBC}") = "HelloName", "HelloName\HelloName.csproj", "{289B5851-CD91-4FEB-9FFF-AEBCC1F6FC47}"
EndProject
Project("{FAE04EC0-301F-11D3-BF4B-00C04F79EFBC}") = "Lang52aConsole", "Lang52aConsole\Lang52aConsole.csproj", "{2223BBFF-34E4-4D4B-8B08-052AF71A01FA}"
EndProject
Project("{FAE04EC0-301F-11D3-BF4B-00C04F79EFBC}") = "Lang54bConsole", "Lang54bConsole\Lang54bConsole.csproj", "{35269458-D006-47B9-BF8F-BDAC11106F41}"
EndProject
Project("{FAE04EC0-301F-11D3-BF4B-00C04F79EFBC}") = "Lang54a", "Lang54a\Lang54a.csproj", "{13B6E5D4-1552-4B94-9DA2-BBC1366B9DAD}"
EndProject
Project("{FAE04EC0-301F-11D3-BF4B-00C04F79EFBC}") = "Lang88a", "Lang88a\Lang88a.csproj", "{E0A61425-C56E-4E61-B20C-3B935C43CD45}"
EndProject
Project("{FAE04EC0-301F-11D3-BF4B-00C04F79EFBC}") = "LP4-5", "LP4-5\LP4-5.csproj", "{9868FD28-12FC-49A2-91F8-B7938B602892}"
EndProject
Project("{FAE04EC0-301F-11D3-BF4B-00C04F79EFBC}") = "LP4-1", "LP4-1\LP4-1.csproj", "{6C1C8508-B441-4463-BB9E-AEA868106D50}"
EndProject
Project("{FAE04EC0-301F-11D3-BF4B-00C04F79EFBC}") = "LP4-2", "LP4-2\LP4-2.csproj", "{97EA667A-8030-483E-B9A7-344C150325C9}"
EndProject
Project("{FAE04EC0-301F-11D3-BF4B-00C04F79EFBC}") = "Lang122a", "Lang122a\Lang122a.csproj", "{1726D9CF-400D-4C59-B79E-16DFC2339443}"
EndProject
Global
	GlobalSection(SolutionConfigurationPlatforms) = preSolution
		Debug|Any CPU = Debug|Any CPU
		Release|Any CPU = Release|Any CPU
	EndGlobalSection
	GlobalSection(ProjectConfigurationPlatforms) = postSolution
		{68CFDFED-B473-46D7-91FC-94AE857B9D9D}.Debug|Any CPU.ActiveCfg = Debug|Any CPU
		{68CFDFED-B473-46D7-91FC-94AE857B9D9D}.Debug|Any CPU.Build.0 = Debug|Any CPU
		{68CFDFED-B473-46D7-91FC-94AE857B9D9D}.Release|Any CPU.ActiveCfg = Release|Any CPU
		{68CFDFED-B473-46D7-91FC-94AE857B9D9D}.Release|Any CPU.Build.0 = Release|Any CPU
		{289B5851-CD91-4FEB-9FFF-AEBCC1F6FC47}.Debug|Any CPU.ActiveCfg = Debug|Any CPU
		{289B5851-CD91-4FEB-9FFF-AEBCC1F6FC47}.Debug|Any CPU.Build.0 = Debug|Any CPU
		{289B5851-CD91-4FEB-9FFF-AEBCC1F6FC47}.Release|Any CPU.ActiveCfg = Release|Any CPU
		{289B5851-CD91-4FEB-9FFF-AEBCC1F6FC47}.Release|Any CPU.Build.0 = Release|Any CPU
		{2223BBFF-34E4-4D4B-8B08-052AF71A01FA}.Debug|Any CPU.ActiveCfg = Debug|Any CPU
		{2223BBFF-34E4-4D4B-8B08-052AF71A01FA}.Debug|Any CPU.Build.0 = Debug|Any CPU
		{2223BBFF-34E4-4D4B-8B08-052AF71A01FA}.Release|Any CPU.ActiveCfg = Release|Any CPU
		{2223BBFF-34E4-4D4B-8B08-052AF71A01FA}.Release|Any CPU.Build.0 = Release|Any CPU
		{35269458-D006-47B9-BF8F-BDAC11106F41}.Debug|Any CPU.ActiveCfg = Debug|Any CPU
		{35269458-D006-47B9-BF8F-BDAC11106F41}.Debug|Any CPU.Build.0 = Debug|Any CPU
		{35269458-D006-47B9-BF8F-BDAC11106F41}.Release|Any CPU.ActiveCfg = Release|Any CPU
		{35269458-D006-47B9-BF8F-BDAC11106F41}.Release|Any CPU.Build.0 = Release|Any CPU
		{13B6E5D4-1552-4B94-9DA2-BBC1366B9DAD}.Debug|Any CPU.ActiveCfg = Debug|Any CPU
		{13B6E5D4-1552-4B94-9DA2-BBC1366B9DAD}.Debug|Any CPU.Build.0 = Debug|Any CPU
		{13B6E5D4-1552-4B94-9DA2-BBC1366B9DAD}.Release|Any CPU.ActiveCfg = Release|Any CPU
		{13B6E5D4-1552-4B94-9DA2-BBC1366B9DAD}.Release|Any CPU.Build.0 = Release|Any CPU
		{E0A61425-C56E-4E61-B20C-3B935C43CD45}.Debug|Any CPU.ActiveCfg = Debug|Any CPU
		{E0A61425-C56E-4E61-B20C-3B935C43CD45}.Debug|Any CPU.Build.0 = Debug|Any CPU
		{E0A61425-C56E-4E61-B20C-3B935C43CD45}.Release|Any CPU.ActiveCfg = Release|Any CPU
		{E0A61425-C56E-4E61-B20C-3B935C43CD45}.Release|Any CPU.Build.0 = Release|Any CPU
		{9868FD28-12FC-49A2-91F8-B7938B602892}.Debug|Any CPU.ActiveCfg = Debug|Any CPU
		{9868FD28-12FC-49A2-91F8-B7938B602892}.Debug|Any CPU.Build.0 = Debug|Any CPU
		{9868FD28-12FC-49A2-91F8-B7938B602892}.Release|Any CPU.ActiveCfg = Release|Any CPU
		{9868FD28-12FC-49A2-91F8-B7938B602892}.Release|Any CPU.Build.0 = Release|Any CPU
		{6C1C8508-B441-4463-BB9E-AEA868106D50}.Debug|Any CPU.ActiveCfg = Debug|Any CPU
		{6C1C8508-B441-4463-BB9E-AEA868106D50}.Debug|Any CPU.Build.0 = Debug|Any CPU
		{6C1C8508-B441-4463-BB9E-AEA868106D50}.Release|Any CPU.ActiveCfg = Release|Any CPU
		{6C1C8508-B441-4463-BB9E-AEA868106D50}.Release|Any CPU.Build.0 = Release|Any CPU
		{97EA667A-8030-483E-B9A7-344C150325C9}.Debug|Any CPU.ActiveCfg = Debug|Any CPU
		{97EA667A-8030-483E-B9A7-344C150325C9}.Debug|Any CPU.Build.0 = Debug|Any CPU
		{97EA667A-8030-483E-B9A7-344C150325C9}.Release|Any CPU.ActiveCfg = Release|Any CPU
		{97EA667A-8030-483E-B9A7-344C150325C9}.Release|Any CPU.Build.0 = Release|Any CPU
		{1726D9CF-400D-4C59-B79E-16DFC2339443}.Debug|Any CPU.ActiveCfg = Debug|Any CPU
		{1726D9CF-400D-4C59-B79E-16DFC2339443}.Debug|Any CPU.Build.0 = Debug|Any CPU
		{1726D9CF-400D-4C59-B79E-16DFC2339443}.Release|Any CPU.ActiveCfg = Release|Any CPU
		{1726D9CF-400D-4C59-B79E-16DFC2339443}.Release|Any CPU.Build.0 = Release|Any CPU
	EndGlobalSection
	GlobalSection(SolutionProperties) = preSolution
		HideSolutionNode = FALSE
	EndGlobalSection
EndGlobal
