
Microsoft Visual Studio Solution File, Format Version 11.00
# Visual Studio 2010
# SharpDevelop 4.2.1.8805
Project("{FD48973F-F585-4F70-812B-4D0503B36CE9}") = "HelloWorld", "HelloWorld\HelloWorld.pyproj", "{11E98857-7F5D-4F24-89ED-C70CA62C20F3}"
EndProject
Global
	GlobalSection(SolutionConfigurationPlatforms) = preSolution
		Debug|x86 = Debug|x86
		Release|x86 = Release|x86
	EndGlobalSection
	GlobalSection(ProjectConfigurationPlatforms) = postSolution
		{11E98857-7F5D-4F24-89ED-C70CA62C20F3}.Debug|x86.Build.0 = Debug|x86
		{11E98857-7F5D-4F24-89ED-C70CA62C20F3}.Debug|x86.ActiveCfg = Debug|x86
		{11E98857-7F5D-4F24-89ED-C70CA62C20F3}.Release|x86.Build.0 = Release|x86
		{11E98857-7F5D-4F24-89ED-C70CA62C20F3}.Release|x86.ActiveCfg = Release|x86
	EndGlobalSection
EndGlobal
