
Microsoft Visual Studio Solution File, Format Version 11.00
# Visual Studio 2010
# SharpDevelop 4.2.1.8805
Project("{FD48973F-F585-4F70-812B-4D0503B36CE9}") = "Prog115a", "Prog115a.pyproj", "{C6D46D71-5609-49C6-B9E3-E8B8D9A045B2}"
EndProject
Global
	GlobalSection(SolutionConfigurationPlatforms) = preSolution
		Debug|x86 = Debug|x86
		Release|x86 = Release|x86
	EndGlobalSection
	GlobalSection(ProjectConfigurationPlatforms) = postSolution
		{C6D46D71-5609-49C6-B9E3-E8B8D9A045B2}.Debug|x86.Build.0 = Debug|x86
		{C6D46D71-5609-49C6-B9E3-E8B8D9A045B2}.Debug|x86.ActiveCfg = Debug|x86
		{C6D46D71-5609-49C6-B9E3-E8B8D9A045B2}.Release|x86.Build.0 = Release|x86
		{C6D46D71-5609-49C6-B9E3-E8B8D9A045B2}.Release|x86.ActiveCfg = Release|x86
	EndGlobalSection
EndGlobal
