
Microsoft Visual Studio Solution File, Format Version 11.00
# Visual Studio 2010
# SharpDevelop 4.2.1.8805
Project("{FD48973F-F585-4F70-812B-4D0503B36CE9}") = "StrInt2", "StrInt2.pyproj", "{167EF0A2-892E-4539-92F3-6F1573A2A9FD}"
EndProject
Global
	GlobalSection(SolutionConfigurationPlatforms) = preSolution
		Debug|x86 = Debug|x86
		Release|x86 = Release|x86
	EndGlobalSection
	GlobalSection(ProjectConfigurationPlatforms) = postSolution
		{167EF0A2-892E-4539-92F3-6F1573A2A9FD}.Debug|x86.Build.0 = Debug|x86
		{167EF0A2-892E-4539-92F3-6F1573A2A9FD}.Debug|x86.ActiveCfg = Debug|x86
		{167EF0A2-892E-4539-92F3-6F1573A2A9FD}.Release|x86.Build.0 = Release|x86
		{167EF0A2-892E-4539-92F3-6F1573A2A9FD}.Release|x86.ActiveCfg = Release|x86
	EndGlobalSection
EndGlobal
